{
    "version": 3,
    "terraform_version": "0.11.13",
    "serial": 27,
    "lineage": "fd11c2bb-f721-40d1-8c45-bed8478e0ca1",
    "modules": [
        {
            "path": [
                "root"
            ],
            "outputs": {},
            "resources": {
                "aws_default_route_table.tf_private_rt": {
                    "type": "aws_default_route_table",
                    "depends_on": [
                        "aws_vpc.tf_vpc"
                    ],
                    "primary": {
                        "id": "rtb-0e1300196aabb0106",
                        "attributes": {
                            "default_route_table_id": "rtb-0e1300196aabb0106",
                            "id": "rtb-0e1300196aabb0106",
                            "owner_id": "526408671464",
                            "propagating_vgws.#": "0",
                            "route.#": "0",
                            "tags.%": "1",
                            "tags.Name": "tf_private",
                            "vpc_id": "vpc-0b2fd3c141dcbf3af"
                        },
                        "meta": {},
                        "tainted": false
                    },
                    "deposed": [],
                    "provider": "provider.aws"
                },
                "aws_eip.tf_eip": {
                    "type": "aws_eip",
                    "depends_on": [
                        "aws_instance.tf_public_server"
                    ],
                    "primary": {
                        "id": "eipalloc-03acdea7ab620033e",
                        "attributes": {
                            "association_id": "eipassoc-09f9dc027dde28456",
                            "domain": "vpc",
                            "id": "eipalloc-03acdea7ab620033e",
                            "instance": "i-0a06fb7dede224f69",
                            "network_interface": "eni-00f25960ec1dfb606",
                            "private_dns": "ip-10-0-1-29.ec2.internal",
                            "private_ip": "10.0.1.29",
                            "public_dns": "ec2-3-94-66-122.compute-1.amazonaws.com",
                            "public_ip": "3.94.66.122",
                            "public_ipv4_pool": "amazon",
                            "tags.%": "0",
                            "vpc": "true"
                        },
                        "meta": {
                            "e2bfb730-ecaa-11e6-8f88-34363bc7c4c0": {
                                "delete": 180000000000,
                                "read": 900000000000,
                                "update": 300000000000
                            }
                        },
                        "tainted": false
                    },
                    "deposed": [],
                    "provider": "provider.aws"
                },
                "aws_instance.tf_private_server": {
                    "type": "aws_instance",
                    "depends_on": [
                        "aws_key_pair.tf_auth",
                        "aws_security_group.tf_private_sg",
                        "aws_subnet.tf_private_subnet",
                        "data.aws_ami.server_ami",
                        "data.template_file.init"
                    ],
                    "primary": {
                        "id": "i-0cb036c3d8bc8d074",
                        "attributes": {
                            "ami": "ami-0080e4c5bc078760e",
                            "arn": "arn:aws:ec2:us-east-1:526408671464:instance/i-0cb036c3d8bc8d074",
                            "associate_public_ip_address": "false",
                            "availability_zone": "us-east-1b",
                            "cpu_core_count": "1",
                            "cpu_threads_per_core": "1",
                            "credit_specification.#": "1",
                            "credit_specification.0.cpu_credits": "standard",
                            "disable_api_termination": "false",
                            "ebs_block_device.#": "0",
                            "ebs_optimized": "false",
                            "ephemeral_block_device.#": "0",
                            "get_password_data": "false",
                            "iam_instance_profile": "",
                            "id": "i-0cb036c3d8bc8d074",
                            "instance_state": "running",
                            "instance_type": "t2.micro",
                            "ipv6_address_count": "0",
                            "ipv6_addresses.#": "0",
                            "key_name": "tf_aws_global",
                            "monitoring": "false",
                            "network_interface.#": "0",
                            "password_data": "",
                            "placement_group": "",
                            "primary_network_interface_id": "eni-0ab17f5fdf27a43b8",
                            "private_dns": "ip-10-0-2-15.ec2.internal",
                            "private_ip": "10.0.2.15",
                            "public_dns": "",
                            "public_ip": "",
                            "root_block_device.#": "1",
                            "root_block_device.0.delete_on_termination": "true",
                            "root_block_device.0.iops": "100",
                            "root_block_device.0.volume_id": "vol-0451fda571b3e1083",
                            "root_block_device.0.volume_size": "8",
                            "root_block_device.0.volume_type": "gp2",
                            "security_groups.#": "0",
                            "source_dest_check": "true",
                            "subnet_id": "subnet-0d03266fa1b9d071c",
                            "tags.%": "1",
                            "tags.Name": "tf_server-private",
                            "tenancy": "default",
                            "user_data": "b4b1c35dcd96041e76a3351f137fa27dab110904",
                            "volume_tags.%": "0",
                            "vpc_security_group_ids.#": "1",
                            "vpc_security_group_ids.2621619115": "sg-047286204a4b5a946"
                        },
                        "meta": {
                            "e2bfb730-ecaa-11e6-8f88-34363bc7c4c0": {
                                "create": 600000000000,
                                "delete": 1200000000000,
                                "update": 600000000000
                            },
                            "schema_version": "1"
                        },
                        "tainted": false
                    },
                    "deposed": [],
                    "provider": "provider.aws"
                },
                "aws_instance.tf_public_server": {
                    "type": "aws_instance",
                    "depends_on": [
                        "aws_security_group.tf_public_sg",
                        "aws_subnet.tf_public_subnet",
                        "data.aws_ami.server_ami"
                    ],
                    "primary": {
                        "id": "i-0a06fb7dede224f69",
                        "attributes": {
                            "ami": "ami-0080e4c5bc078760e",
                            "arn": "arn:aws:ec2:us-east-1:526408671464:instance/i-0a06fb7dede224f69",
                            "associate_public_ip_address": "true",
                            "availability_zone": "us-east-1f",
                            "cpu_core_count": "1",
                            "cpu_threads_per_core": "1",
                            "credit_specification.#": "1",
                            "credit_specification.0.cpu_credits": "standard",
                            "disable_api_termination": "false",
                            "ebs_block_device.#": "0",
                            "ebs_optimized": "false",
                            "ephemeral_block_device.#": "0",
                            "get_password_data": "false",
                            "iam_instance_profile": "",
                            "id": "i-0a06fb7dede224f69",
                            "instance_state": "running",
                            "instance_type": "t2.micro",
                            "ipv6_address_count": "0",
                            "ipv6_addresses.#": "0",
                            "key_name": "tfsankus",
                            "monitoring": "false",
                            "network_interface.#": "0",
                            "password_data": "",
                            "placement_group": "",
                            "primary_network_interface_id": "eni-00f25960ec1dfb606",
                            "private_dns": "ip-10-0-1-29.ec2.internal",
                            "private_ip": "10.0.1.29",
                            "public_dns": "ec2-34-232-63-244.compute-1.amazonaws.com",
                            "public_ip": "34.232.63.244",
                            "root_block_device.#": "1",
                            "root_block_device.0.delete_on_termination": "true",
                            "root_block_device.0.iops": "100",
                            "root_block_device.0.volume_id": "vol-00f551ad4f81a4f02",
                            "root_block_device.0.volume_size": "8",
                            "root_block_device.0.volume_type": "gp2",
                            "security_groups.#": "0",
                            "source_dest_check": "true",
                            "subnet_id": "subnet-068a653f71e935376",
                            "tags.%": "1",
                            "tags.Name": "tf_server-public",
                            "tenancy": "default",
                            "volume_tags.%": "0",
                            "vpc_security_group_ids.#": "1",
                            "vpc_security_group_ids.3447099758": "sg-06e70982a887ba035"
                        },
                        "meta": {
                            "e2bfb730-ecaa-11e6-8f88-34363bc7c4c0": {
                                "create": 600000000000,
                                "delete": 1200000000000,
                                "update": 600000000000
                            },
                            "schema_version": "1"
                        },
                        "tainted": false
                    },
                    "deposed": [],
                    "provider": "provider.aws"
                },
                "aws_internet_gateway.tf_internet_gateway": {
                    "type": "aws_internet_gateway",
                    "depends_on": [
                        "aws_vpc.tf_vpc"
                    ],
                    "primary": {
                        "id": "igw-029735502c093be88",
                        "attributes": {
                            "id": "igw-029735502c093be88",
                            "owner_id": "526408671464",
                            "tags.%": "1",
                            "tags.Name": "tf_igw",
                            "vpc_id": "vpc-0b2fd3c141dcbf3af"
                        },
                        "meta": {},
                        "tainted": false
                    },
                    "deposed": [],
                    "provider": "provider.aws"
                },
                "aws_key_pair.tf_auth": {
                    "type": "aws_key_pair",
                    "depends_on": [],
                    "primary": {
                        "id": "tf_aws_global",
                        "attributes": {
                            "fingerprint": "7c:1c:96:bd:8a:e3:d8:e4:f3:ad:e4:62:d9:df:a5:c1",
                            "id": "tf_aws_global",
                            "key_name": "tf_aws_global",
                            "public_key": "ssh-rsa AAAAB3NzaC1yc2EAAAADAQABAAABAQC2H/oNsRmRYjYpPUhiHQNZ6RMkAwijUpDe1Ou5eBBJbbnHZN53W5DahgERghSAY+q4RAN1NRX5+aGEV8hSToQJlJ6i/nU3XoyOAtU9CUPZGQgMdinSRPn3p1Owwok0OncvoJaNc9HELxEts+XYgbqzQ+r/nuVdRGCC1p6idiX6XvzbQrQfHhrbJ6sMr50m1t9yjm5qEcizfhqYT4K6csjoR4GZbzKEra31uIO7FbJOhWJRgSLCg05MOjR21QTNq++JoNIccPYX2W5gL8yL0B0ncFCC4ETWZxjzjuzspqwfe6QaB5lV5e84rE9hAa4wrGbs5fujzkRgxz3kJKdAg2d9 ec2-user@ip-172-31-18-52"
                        },
                        "meta": {
                            "schema_version": "1"
                        },
                        "tainted": false
                    },
                    "deposed": [],
                    "provider": "provider.aws"
                },
                "aws_route_table.tf_public_rt": {
                    "type": "aws_route_table",
                    "depends_on": [
                        "aws_internet_gateway.tf_internet_gateway",
                        "aws_vpc.tf_vpc"
                    ],
                    "primary": {
                        "id": "rtb-074c70bc3041562cc",
                        "attributes": {
                            "id": "rtb-074c70bc3041562cc",
                            "owner_id": "526408671464",
                            "propagating_vgws.#": "0",
                            "route.#": "1",
                            "route.2565938123.cidr_block": "0.0.0.0/0",
                            "route.2565938123.egress_only_gateway_id": "",
                            "route.2565938123.gateway_id": "igw-029735502c093be88",
                            "route.2565938123.instance_id": "",
                            "route.2565938123.ipv6_cidr_block": "",
                            "route.2565938123.nat_gateway_id": "",
                            "route.2565938123.network_interface_id": "",
                            "route.2565938123.transit_gateway_id": "",
                            "route.2565938123.vpc_peering_connection_id": "",
                            "tags.%": "1",
                            "tags.Name": "tf_public",
                            "vpc_id": "vpc-0b2fd3c141dcbf3af"
                        },
                        "meta": {},
                        "tainted": false
                    },
                    "deposed": [],
                    "provider": "provider.aws"
                },
                "aws_route_table_association.tf_private_assoc": {
                    "type": "aws_route_table_association",
                    "depends_on": [
                        "aws_default_route_table.tf_private_rt",
                        "aws_subnet.tf_private_subnet"
                    ],
                    "primary": {
                        "id": "rtbassoc-0b7c6c23e6a86e870",
                        "attributes": {
                            "id": "rtbassoc-0b7c6c23e6a86e870",
                            "route_table_id": "rtb-0e1300196aabb0106",
                            "subnet_id": "subnet-0d03266fa1b9d071c"
                        },
                        "meta": {},
                        "tainted": false
                    },
                    "deposed": [],
                    "provider": "provider.aws"
                },
                "aws_route_table_association.tf_public_assoc": {
                    "type": "aws_route_table_association",
                    "depends_on": [
                        "aws_route_table.tf_public_rt",
                        "aws_subnet.tf_public_subnet"
                    ],
                    "primary": {
                        "id": "rtbassoc-0270a50c7a49b724b",
                        "attributes": {
                            "id": "rtbassoc-0270a50c7a49b724b",
                            "route_table_id": "rtb-074c70bc3041562cc",
                            "subnet_id": "subnet-068a653f71e935376"
                        },
                        "meta": {},
                        "tainted": false
                    },
                    "deposed": [],
                    "provider": "provider.aws"
                },
                "aws_security_group.tf_private_sg": {
                    "type": "aws_security_group",
                    "depends_on": [
                        "aws_instance.tf_public_server",
                        "aws_vpc.tf_vpc"
                    ],
                    "primary": {
                        "id": "sg-047286204a4b5a946",
                        "attributes": {
                            "arn": "arn:aws:ec2:us-east-1:526408671464:security-group/sg-047286204a4b5a946",
                            "description": "Security group for the private instance",
                            "egress.#": "1",
                            "egress.482069346.cidr_blocks.#": "1",
                            "egress.482069346.cidr_blocks.0": "0.0.0.0/0",
                            "egress.482069346.description": "",
                            "egress.482069346.from_port": "0",
                            "egress.482069346.ipv6_cidr_blocks.#": "0",
                            "egress.482069346.prefix_list_ids.#": "0",
                            "egress.482069346.protocol": "-1",
                            "egress.482069346.security_groups.#": "0",
                            "egress.482069346.self": "false",
                            "egress.482069346.to_port": "0",
                            "id": "sg-047286204a4b5a946",
                            "ingress.#": "2",
                            "ingress.1566355125.cidr_blocks.#": "1",
                            "ingress.1566355125.cidr_blocks.0": "10.0.1.29/32",
                            "ingress.1566355125.description": "",
                            "ingress.1566355125.from_port": "0",
                            "ingress.1566355125.ipv6_cidr_blocks.#": "0",
                            "ingress.1566355125.prefix_list_ids.#": "0",
                            "ingress.1566355125.protocol": "-1",
                            "ingress.1566355125.security_groups.#": "0",
                            "ingress.1566355125.self": "false",
                            "ingress.1566355125.to_port": "0",
                            "ingress.634958976.cidr_blocks.#": "1",
                            "ingress.634958976.cidr_blocks.0": "0.0.0.0/0",
                            "ingress.634958976.description": "",
                            "ingress.634958976.from_port": "23",
                            "ingress.634958976.ipv6_cidr_blocks.#": "0",
                            "ingress.634958976.prefix_list_ids.#": "0",
                            "ingress.634958976.protocol": "tcp",
                            "ingress.634958976.security_groups.#": "0",
                            "ingress.634958976.self": "false",
                            "ingress.634958976.to_port": "23",
                            "name": "tf_private_sg",
                            "owner_id": "526408671464",
                            "revoke_rules_on_delete": "false",
                            "tags.%": "0",
                            "vpc_id": "vpc-0b2fd3c141dcbf3af"
                        },
                        "meta": {
                            "e2bfb730-ecaa-11e6-8f88-34363bc7c4c0": {
                                "create": 600000000000,
                                "delete": 600000000000
                            },
                            "schema_version": "1"
                        },
                        "tainted": false
                    },
                    "deposed": [],
                    "provider": "provider.aws"
                },
                "aws_security_group.tf_public_sg": {
                    "type": "aws_security_group",
                    "depends_on": [
                        "aws_vpc.tf_vpc"
                    ],
                    "primary": {
                        "id": "sg-06e70982a887ba035",
                        "attributes": {
                            "arn": "arn:aws:ec2:us-east-1:526408671464:security-group/sg-06e70982a887ba035",
                            "description": "Used for the access to the public instances",
                            "egress.#": "1",
                            "egress.482069346.cidr_blocks.#": "1",
                            "egress.482069346.cidr_blocks.0": "0.0.0.0/0",
                            "egress.482069346.description": "",
                            "egress.482069346.from_port": "0",
                            "egress.482069346.ipv6_cidr_blocks.#": "0",
                            "egress.482069346.prefix_list_ids.#": "0",
                            "egress.482069346.protocol": "-1",
                            "egress.482069346.security_groups.#": "0",
                            "egress.482069346.self": "false",
                            "egress.482069346.to_port": "0",
                            "id": "sg-06e70982a887ba035",
                            "ingress.#": "2",
                            "ingress.2214680975.cidr_blocks.#": "1",
                            "ingress.2214680975.cidr_blocks.0": "0.0.0.0/0",
                            "ingress.2214680975.description": "",
                            "ingress.2214680975.from_port": "80",
                            "ingress.2214680975.ipv6_cidr_blocks.#": "0",
                            "ingress.2214680975.prefix_list_ids.#": "0",
                            "ingress.2214680975.protocol": "tcp",
                            "ingress.2214680975.security_groups.#": "0",
                            "ingress.2214680975.self": "false",
                            "ingress.2214680975.to_port": "80",
                            "ingress.2541437006.cidr_blocks.#": "1",
                            "ingress.2541437006.cidr_blocks.0": "0.0.0.0/0",
                            "ingress.2541437006.description": "",
                            "ingress.2541437006.from_port": "22",
                            "ingress.2541437006.ipv6_cidr_blocks.#": "0",
                            "ingress.2541437006.prefix_list_ids.#": "0",
                            "ingress.2541437006.protocol": "tcp",
                            "ingress.2541437006.security_groups.#": "0",
                            "ingress.2541437006.self": "false",
                            "ingress.2541437006.to_port": "22",
                            "name": "tf_public_sg",
                            "owner_id": "526408671464",
                            "revoke_rules_on_delete": "false",
                            "tags.%": "0",
                            "vpc_id": "vpc-0b2fd3c141dcbf3af"
                        },
                        "meta": {
                            "e2bfb730-ecaa-11e6-8f88-34363bc7c4c0": {
                                "create": 600000000000,
                                "delete": 600000000000
                            },
                            "schema_version": "1"
                        },
                        "tainted": false
                    },
                    "deposed": [],
                    "provider": "provider.aws"
                },
                "aws_subnet.tf_private_subnet": {
                    "type": "aws_subnet",
                    "depends_on": [
                        "aws_vpc.tf_vpc"
                    ],
                    "primary": {
                        "id": "subnet-0d03266fa1b9d071c",
                        "attributes": {
                            "arn": "arn:aws:ec2:us-east-1:526408671464:subnet/subnet-0d03266fa1b9d071c",
                            "assign_ipv6_address_on_creation": "false",
                            "availability_zone": "us-east-1b",
                            "availability_zone_id": "use1-az1",
                            "cidr_block": "10.0.2.0/24",
                            "id": "subnet-0d03266fa1b9d071c",
                            "ipv6_cidr_block": "",
                            "ipv6_cidr_block_association_id": "",
                            "map_public_ip_on_launch": "false",
                            "owner_id": "526408671464",
                            "tags.%": "1",
                            "tags.Name": "tf_private_subnet",
                            "vpc_id": "vpc-0b2fd3c141dcbf3af"
                        },
                        "meta": {
                            "e2bfb730-ecaa-11e6-8f88-34363bc7c4c0": {
                                "create": 600000000000,
                                "delete": 600000000000
                            },
                            "schema_version": "1"
                        },
                        "tainted": false
                    },
                    "deposed": [],
                    "provider": "provider.aws"
                },
                "aws_subnet.tf_public_subnet": {
                    "type": "aws_subnet",
                    "depends_on": [
                        "aws_vpc.tf_vpc"
                    ],
                    "primary": {
                        "id": "subnet-068a653f71e935376",
                        "attributes": {
                            "arn": "arn:aws:ec2:us-east-1:526408671464:subnet/subnet-068a653f71e935376",
                            "assign_ipv6_address_on_creation": "false",
                            "availability_zone": "us-east-1f",
                            "availability_zone_id": "use1-az5",
                            "cidr_block": "10.0.1.0/24",
                            "id": "subnet-068a653f71e935376",
                            "ipv6_cidr_block": "",
                            "ipv6_cidr_block_association_id": "",
                            "map_public_ip_on_launch": "true",
                            "owner_id": "526408671464",
                            "tags.%": "1",
                            "tags.Name": "tf_public_subnet",
                            "vpc_id": "vpc-0b2fd3c141dcbf3af"
                        },
                        "meta": {
                            "e2bfb730-ecaa-11e6-8f88-34363bc7c4c0": {
                                "create": 600000000000,
                                "delete": 600000000000
                            },
                            "schema_version": "1"
                        },
                        "tainted": false
                    },
                    "deposed": [],
                    "provider": "provider.aws"
                },
                "aws_vpc.tf_vpc": {
                    "type": "aws_vpc",
                    "depends_on": [],
                    "primary": {
                        "id": "vpc-0b2fd3c141dcbf3af",
                        "attributes": {
                            "arn": "arn:aws:ec2:us-east-1:526408671464:vpc/vpc-0b2fd3c141dcbf3af",
                            "assign_generated_ipv6_cidr_block": "false",
                            "cidr_block": "10.0.0.0/16",
                            "default_network_acl_id": "acl-037ac883c9471c5e6",
                            "default_route_table_id": "rtb-0e1300196aabb0106",
                            "default_security_group_id": "sg-0f0445fb935dac0a8",
                            "dhcp_options_id": "dopt-37ade64c",
                            "enable_classiclink": "false",
                            "enable_classiclink_dns_support": "false",
                            "enable_dns_hostnames": "true",
                            "enable_dns_support": "true",
                            "id": "vpc-0b2fd3c141dcbf3af",
                            "instance_tenancy": "default",
                            "ipv6_association_id": "",
                            "ipv6_cidr_block": "",
                            "main_route_table_id": "rtb-0e1300196aabb0106",
                            "owner_id": "526408671464",
                            "tags.%": "1",
                            "tags.Name": "tf_vpc"
                        },
                        "meta": {
                            "schema_version": "1"
                        },
                        "tainted": false
                    },
                    "deposed": [],
                    "provider": "provider.aws"
                },
                "data.aws_ami.server_ami": {
                    "type": "aws_ami",
                    "depends_on": [],
                    "primary": {
                        "id": "ami-0080e4c5bc078760e",
                        "attributes": {
                            "architecture": "x86_64",
                            "block_device_mappings.#": "1",
                            "block_device_mappings.340275815.device_name": "/dev/xvda",
                            "block_device_mappings.340275815.ebs.%": "6",
                            "block_device_mappings.340275815.ebs.delete_on_termination": "true",
                            "block_device_mappings.340275815.ebs.encrypted": "false",
                            "block_device_mappings.340275815.ebs.iops": "0",
                            "block_device_mappings.340275815.ebs.snapshot_id": "snap-01d81204beb02804b",
                            "block_device_mappings.340275815.ebs.volume_size": "8",
                            "block_device_mappings.340275815.ebs.volume_type": "gp2",
                            "block_device_mappings.340275815.no_device": "",
                            "block_device_mappings.340275815.virtual_name": "",
                            "creation_date": "2018-11-28T21:08:11.000Z",
                            "description": "Amazon Linux AMI 2018.03.0.20181129 x86_64 HVM gp2",
                            "filter.#": "2",
                            "filter.2898439165.name": "name",
                            "filter.2898439165.values.#": "1",
                            "filter.2898439165.values.0": "amzn-ami-hvm*-x86_64-gp2",
                            "filter.574890044.name": "owner-alias",
                            "filter.574890044.values.#": "1",
                            "filter.574890044.values.0": "amazon",
                            "hypervisor": "xen",
                            "id": "ami-0080e4c5bc078760e",
                            "image_id": "ami-0080e4c5bc078760e",
                            "image_location": "amazon/amzn-ami-hvm-2018.03.0.20181129-x86_64-gp2",
                            "image_owner_alias": "amazon",
                            "image_type": "machine",
                            "most_recent": "true",
                            "name": "amzn-ami-hvm-2018.03.0.20181129-x86_64-gp2",
                            "owner_id": "137112412989",
                            "owners.#": "1",
                            "owners.0": "amazon",
                            "product_codes.#": "0",
                            "public": "true",
                            "root_device_name": "/dev/xvda",
                            "root_device_type": "ebs",
                            "root_snapshot_id": "snap-01d81204beb02804b",
                            "sriov_net_support": "simple",
                            "state": "available",
                            "state_reason.%": "2",
                            "state_reason.code": "UNSET",
                            "state_reason.message": "UNSET",
                            "tags.%": "0",
                            "virtualization_type": "hvm"
                        },
                        "meta": {},
                        "tainted": false
                    },
                    "deposed": [],
                    "provider": "provider.aws"
                },
                "data.aws_availability_zones.available": {
                    "type": "aws_availability_zones",
                    "depends_on": [],
                    "primary": {
                        "id": "2019-05-08 23:44:26.311644756 +0000 UTC",
                        "attributes": {
                            "id": "2019-05-08 23:44:26.311644756 +0000 UTC",
                            "names.#": "6",
                            "names.0": "us-east-1a",
                            "names.1": "us-east-1b",
                            "names.2": "us-east-1c",
                            "names.3": "us-east-1d",
                            "names.4": "us-east-1e",
                            "names.5": "us-east-1f",
                            "zone_ids.#": "6",
                            "zone_ids.0": "use1-az6",
                            "zone_ids.1": "use1-az1",
                            "zone_ids.2": "use1-az2",
                            "zone_ids.3": "use1-az4",
                            "zone_ids.4": "use1-az3",
                            "zone_ids.5": "use1-az5"
                        },
                        "meta": {},
                        "tainted": false
                    },
                    "deposed": [],
                    "provider": "provider.aws"
                },
                "data.template_file.init": {
                    "type": "template_file",
                    "depends_on": [],
                    "primary": {
                        "id": "9f973e3742a92f709955834df40cb3a3ec6be57590b3bab4c5f160d51efdf8b1",
                        "attributes": {
                            "id": "9f973e3742a92f709955834df40cb3a3ec6be57590b3bab4c5f160d51efdf8b1",
                            "rendered": "#!/bin/bash\nyum install tree -y\nyum install httpd -y",
                            "template": "#!/bin/bash\nyum install tree -y\nyum install httpd -y"
                        },
                        "meta": {},
                        "tainted": false
                    },
                    "deposed": [],
                    "provider": "provider.template"
                }
            },
            "depends_on": []
        }
    ]
}
